// !$*UTF8*$!
{
	archiveVersion = 1;
	classes = {
	};
	objectVersion = 50;
	objects = {

/* Begin PBXBuildFile section */
		66017EE32355B47C00CA0D23 /* ProductMessageViewController.xib in Resources */ = {isa = PBXBuildFile; fileRef = 66017EE22355B47C00CA0D23 /* ProductMessageViewController.xib */; };
		66017EE52355B4A100CA0D23 /* ProductMessageViewController.swift in Sources */ = {isa = PBXBuildFile; fileRef = 66017EE42355B4A100CA0D23 /* ProductMessageViewController.swift */; };
		66017EE72355BACA00CA0D23 /* CartCell.xib in Resources */ = {isa = PBXBuildFile; fileRef = 66017EE62355BACA00CA0D23 /* CartCell.xib */; };
		66017EE92355BBAB00CA0D23 /* CartCell.swift in Sources */ = {isa = PBXBuildFile; fileRef = 66017EE82355BBAB00CA0D23 /* CartCell.swift */; };
		66017EEB2355C45C00CA0D23 /* CartManager.swift in Sources */ = {isa = PBXBuildFile; fileRef = 66017EEA2355C45C00CA0D23 /* CartManager.swift */; };
		66017EED2355D71800CA0D23 /* CartFooterTableView.swift in Sources */ = {isa = PBXBuildFile; fileRef = 66017EEC2355D71800CA0D23 /* CartFooterTableView.swift */; };
		66017EEF2355D75200CA0D23 /* CartFooterTableView.xib in Resources */ = {isa = PBXBuildFile; fileRef = 66017EEE2355D75200CA0D23 /* CartFooterTableView.xib */; };
		66017EF12355E00C00CA0D23 /* CartHeaderSectionTableView.xib in Resources */ = {isa = PBXBuildFile; fileRef = 66017EF02355E00C00CA0D23 /* CartHeaderSectionTableView.xib */; };
		66017EF32355E02300CA0D23 /* CartHeaderSectionTableView.swift in Sources */ = {isa = PBXBuildFile; fileRef = 66017EF22355E02300CA0D23 /* CartHeaderSectionTableView.swift */; };
		661F472823548619000F91F8 /* backgroundCommandButton.png in Resources */ = {isa = PBXBuildFile; fileRef = 661F472723548619000F91F8 /* backgroundCommandButton.png */; };
		661F472A23548916000F91F8 /* backgroundSelectedCommandButton.png in Resources */ = {isa = PBXBuildFile; fileRef = 661F472923548916000F91F8 /* backgroundSelectedCommandButton.png */; };
		661F473023548F10000F91F8 /* backroungCell.png in Resources */ = {isa = PBXBuildFile; fileRef = 661F472F23548F10000F91F8 /* backroungCell.png */; };
		661F473A2354C8B8000F91F8 /* ProductDescriptionViewController.swift in Sources */ = {isa = PBXBuildFile; fileRef = 661F47392354C8B8000F91F8 /* ProductDescriptionViewController.swift */; };
		661F47402354F89C000F91F8 /* ProductDescriptionViewController.xib in Resources */ = {isa = PBXBuildFile; fileRef = 661F473F2354F89C000F91F8 /* ProductDescriptionViewController.xib */; };
		661F4742235502E1000F91F8 /* UIView.swift in Sources */ = {isa = PBXBuildFile; fileRef = 661F4741235502E1000F91F8 /* UIView.swift */; };
		661F474423550994000F91F8 /* backgroundProductTitleView.png in Resources */ = {isa = PBXBuildFile; fileRef = 661F474323550994000F91F8 /* backgroundProductTitleView.png */; };
		661F474623550BF6000F91F8 /* SelfSizedCollectionView.swift in Sources */ = {isa = PBXBuildFile; fileRef = 661F474523550BF6000F91F8 /* SelfSizedCollectionView.swift */; };
		667C2A1C235325BC0027264C /* CartViewController.swift in Sources */ = {isa = PBXBuildFile; fileRef = 667C2A1B235325BC0027264C /* CartViewController.swift */; };
		667C2A1E235326110027264C /* CartViewController.xib in Resources */ = {isa = PBXBuildFile; fileRef = 667C2A1D235326110027264C /* CartViewController.xib */; };
		667C2A23235372230027264C /* WBProduct.swift in Sources */ = {isa = PBXBuildFile; fileRef = 667C2A22235372230027264C /* WBProduct.swift */; };
		667C2A25235373AA0027264C /* ProductViewModel.swift in Sources */ = {isa = PBXBuildFile; fileRef = 667C2A24235373AA0027264C /* ProductViewModel.swift */; };
		667C2A27235373BD0027264C /* ProductTests.swift in Sources */ = {isa = PBXBuildFile; fileRef = 667C2A26235373BD0027264C /* ProductTests.swift */; };
		667C2A29235373CD0027264C /* ProductViewModelTests.swift in Sources */ = {isa = PBXBuildFile; fileRef = 667C2A28235373CD0027264C /* ProductViewModelTests.swift */; };
		667C2A2C235373E00027264C /* ProductManagerTests.swift in Sources */ = {isa = PBXBuildFile; fileRef = 667C2A2B235373E00027264C /* ProductManagerTests.swift */; };
		667C2A2E235380740027264C /* ProductCell.xib in Resources */ = {isa = PBXBuildFile; fileRef = 667C2A2D235380740027264C /* ProductCell.xib */; };
		667C2A302353938B0027264C /* ProductCell.swift in Sources */ = {isa = PBXBuildFile; fileRef = 667C2A2F2353938B0027264C /* ProductCell.swift */; };
		667C2A3B2353C0DE0027264C /* ProductOffline.swift in Sources */ = {isa = PBXBuildFile; fileRef = 667C2A3A2353C0DE0027264C /* ProductOffline.swift */; };
		667C2A3D2353E5170027264C /* ConnectionManager.swift in Sources */ = {isa = PBXBuildFile; fileRef = 667C2A3C2353E5170027264C /* ConnectionManager.swift */; };
		667C2A3F2353E8910027264C /* CategoryOffline.swift in Sources */ = {isa = PBXBuildFile; fileRef = 667C2A3E2353E8910027264C /* CategoryOffline.swift */; };
		668BA84A2350B8B900BEA939 /* AppDelegate.swift in Sources */ = {isa = PBXBuildFile; fileRef = 668BA8492350B8B900BEA939 /* AppDelegate.swift */; };
		668BA84C2350B8B900BEA939 /* ViewController.swift in Sources */ = {isa = PBXBuildFile; fileRef = 668BA84B2350B8B900BEA939 /* ViewController.swift */; };
		668BA8522350B8B900BEA939 /* FoodApp.xcdatamodeld in Sources */ = {isa = PBXBuildFile; fileRef = 668BA8502350B8B900BEA939 /* FoodApp.xcdatamodeld */; };
		668BA8542350B8BB00BEA939 /* Assets.xcassets in Resources */ = {isa = PBXBuildFile; fileRef = 668BA8532350B8BB00BEA939 /* Assets.xcassets */; };
		668BA8572350B8BB00BEA939 /* LaunchScreen.storyboard in Resources */ = {isa = PBXBuildFile; fileRef = 668BA8552350B8BB00BEA939 /* LaunchScreen.storyboard */; };
		668BA8732350BA3E00BEA939 /* CategoryViewController.xib in Resources */ = {isa = PBXBuildFile; fileRef = 668BA8722350BA3E00BEA939 /* CategoryViewController.xib */; };
		668BA8752350BA6200BEA939 /* CategoryViewController.swift in Sources */ = {isa = PBXBuildFile; fileRef = 668BA8742350BA6200BEA939 /* CategoryViewController.swift */; };
		668BA8772350C42700BEA939 /* Product.swift in Sources */ = {isa = PBXBuildFile; fileRef = 668BA8762350C42700BEA939 /* Product.swift */; };
		668BA8792350C43100BEA939 /* Order.swift in Sources */ = {isa = PBXBuildFile; fileRef = 668BA8782350C43100BEA939 /* Order.swift */; };
		668BA87B2350C45500BEA939 /* Category.swift in Sources */ = {isa = PBXBuildFile; fileRef = 668BA87A2350C45500BEA939 /* Category.swift */; };
		668BA8822350C8B400BEA939 /* WBCategory.swift in Sources */ = {isa = PBXBuildFile; fileRef = 668BA8812350C8B400BEA939 /* WBCategory.swift */; };
		668BA8842350C8D500BEA939 /* FoodServer.swift in Sources */ = {isa = PBXBuildFile; fileRef = 668BA8832350C8D500BEA939 /* FoodServer.swift */; };
		668BA8862350CF5D00BEA939 /* CategoryViewModel.swift in Sources */ = {isa = PBXBuildFile; fileRef = 668BA8852350CF5D00BEA939 /* CategoryViewModel.swift */; };
		668BA88A235211E800BEA939 /* CategoryCell.swift in Sources */ = {isa = PBXBuildFile; fileRef = 668BA889235211E800BEA939 /* CategoryCell.swift */; };
		668BA88C2352164500BEA939 /* CategoryCell.xib in Resources */ = {isa = PBXBuildFile; fileRef = 668BA88B2352164500BEA939 /* CategoryCell.xib */; };
		668BA88E235236A800BEA939 /* UIImageView.swift in Sources */ = {isa = PBXBuildFile; fileRef = 668BA88D235236A800BEA939 /* UIImageView.swift */; };
		668BA8932352597C00BEA939 /* CategoryTests.swift in Sources */ = {isa = PBXBuildFile; fileRef = 668BA8922352597C00BEA939 /* CategoryTests.swift */; };
		668BA89623525D5100BEA939 /* CategoryViewModelTests.swift in Sources */ = {isa = PBXBuildFile; fileRef = 668BA89523525D5100BEA939 /* CategoryViewModelTests.swift */; };
		668BA89A23525F4000BEA939 /* CategoryCellTests.swift in Sources */ = {isa = PBXBuildFile; fileRef = 668BA89923525F4000BEA939 /* CategoryCellTests.swift */; };
		668BA89C235278F700BEA939 /* HomeViewController.xib in Resources */ = {isa = PBXBuildFile; fileRef = 668BA89B235278F700BEA939 /* HomeViewController.xib */; };
		668BA89E235279C700BEA939 /* HomeViewController.swift in Sources */ = {isa = PBXBuildFile; fileRef = 668BA89D235279C700BEA939 /* HomeViewController.swift */; };
		668BA8A023527A8000BEA939 /* ProductViewController.xib in Resources */ = {isa = PBXBuildFile; fileRef = 668BA89F23527A8000BEA939 /* ProductViewController.xib */; };
		668BA8A223527B3800BEA939 /* ProductViewController.swift in Sources */ = {isa = PBXBuildFile; fileRef = 668BA8A123527B3800BEA939 /* ProductViewController.swift */; };
		66D5DBBC23563CDB00627641 /* ExpandableSection.swift in Sources */ = {isa = PBXBuildFile; fileRef = 66D5DBBB23563CDB00627641 /* ExpandableSection.swift */; };
/* End PBXBuildFile section */

/* Begin PBXContainerItemProxy section */
		668BA85E2350B8BB00BEA939 /* PBXContainerItemProxy */ = {
			isa = PBXContainerItemProxy;
			containerPortal = 668BA83E2350B8B900BEA939 /* Project object */;
			proxyType = 1;
			remoteGlobalIDString = 668BA8452350B8B900BEA939;
			remoteInfo = FoodApp;
		};
/* End PBXContainerItemProxy section */

/* Begin PBXFileReference section */
		66017EE22355B47C00CA0D23 /* ProductMessageViewController.xib */ = {isa = PBXFileReference; lastKnownFileType = file.xib; path = ProductMessageViewController.xib; sourceTree = "<group>"; };
		66017EE42355B4A100CA0D23 /* ProductMessageViewController.swift */ = {isa = PBXFileReference; lastKnownFileType = sourcecode.swift; path = ProductMessageViewController.swift; sourceTree = "<group>"; };
		66017EE62355BACA00CA0D23 /* CartCell.xib */ = {isa = PBXFileReference; lastKnownFileType = file.xib; path = CartCell.xib; sourceTree = "<group>"; };
		66017EE82355BBAB00CA0D23 /* CartCell.swift */ = {isa = PBXFileReference; lastKnownFileType = sourcecode.swift; path = CartCell.swift; sourceTree = "<group>"; };
		66017EEA2355C45C00CA0D23 /* CartManager.swift */ = {isa = PBXFileReference; lastKnownFileType = sourcecode.swift; path = CartManager.swift; sourceTree = "<group>"; };
		66017EEC2355D71800CA0D23 /* CartFooterTableView.swift */ = {isa = PBXFileReference; lastKnownFileType = sourcecode.swift; path = CartFooterTableView.swift; sourceTree = "<group>"; };
		66017EEE2355D75200CA0D23 /* CartFooterTableView.xib */ = {isa = PBXFileReference; lastKnownFileType = file.xib; path = CartFooterTableView.xib; sourceTree = "<group>"; };
		66017EF02355E00C00CA0D23 /* CartHeaderSectionTableView.xib */ = {isa = PBXFileReference; lastKnownFileType = file.xib; path = CartHeaderSectionTableView.xib; sourceTree = "<group>"; };
		66017EF22355E02300CA0D23 /* CartHeaderSectionTableView.swift */ = {isa = PBXFileReference; lastKnownFileType = sourcecode.swift; path = CartHeaderSectionTableView.swift; sourceTree = "<group>"; };
		661F472723548619000F91F8 /* backgroundCommandButton.png */ = {isa = PBXFileReference; lastKnownFileType = image.png; name = backgroundCommandButton.png; path = ../../../../Desktop/backgroundCommandButton.png; sourceTree = "<group>"; };
		661F472923548916000F91F8 /* backgroundSelectedCommandButton.png */ = {isa = PBXFileReference; lastKnownFileType = image.png; path = backgroundSelectedCommandButton.png; sourceTree = "<group>"; };
		661F472F23548F10000F91F8 /* backroungCell.png */ = {isa = PBXFileReference; lastKnownFileType = image.png; path = backroungCell.png; sourceTree = "<group>"; };
		661F47392354C8B8000F91F8 /* ProductDescriptionViewController.swift */ = {isa = PBXFileReference; lastKnownFileType = sourcecode.swift; path = ProductDescriptionViewController.swift; sourceTree = "<group>"; };
		661F473F2354F89C000F91F8 /* ProductDescriptionViewController.xib */ = {isa = PBXFileReference; lastKnownFileType = file.xib; path = ProductDescriptionViewController.xib; sourceTree = "<group>"; };
		661F4741235502E1000F91F8 /* UIView.swift */ = {isa = PBXFileReference; lastKnownFileType = sourcecode.swift; path = UIView.swift; sourceTree = "<group>"; };
		661F474323550994000F91F8 /* backgroundProductTitleView.png */ = {isa = PBXFileReference; lastKnownFileType = image.png; path = backgroundProductTitleView.png; sourceTree = "<group>"; };
		661F474523550BF6000F91F8 /* SelfSizedCollectionView.swift */ = {isa = PBXFileReference; lastKnownFileType = sourcecode.swift; path = SelfSizedCollectionView.swift; sourceTree = "<group>"; };
		667C2A1B235325BC0027264C /* CartViewController.swift */ = {isa = PBXFileReference; lastKnownFileType = sourcecode.swift; path = CartViewController.swift; sourceTree = "<group>"; };
		667C2A1D235326110027264C /* CartViewController.xib */ = {isa = PBXFileReference; lastKnownFileType = file.xib; path = CartViewController.xib; sourceTree = "<group>"; };
		667C2A22235372230027264C /* WBProduct.swift */ = {isa = PBXFileReference; lastKnownFileType = sourcecode.swift; path = WBProduct.swift; sourceTree = "<group>"; };
		667C2A24235373AA0027264C /* ProductViewModel.swift */ = {isa = PBXFileReference; lastKnownFileType = sourcecode.swift; path = ProductViewModel.swift; sourceTree = "<group>"; };
		667C2A26235373BD0027264C /* ProductTests.swift */ = {isa = PBXFileReference; lastKnownFileType = sourcecode.swift; path = ProductTests.swift; sourceTree = "<group>"; };
		667C2A28235373CD0027264C /* ProductViewModelTests.swift */ = {isa = PBXFileReference; lastKnownFileType = sourcecode.swift; path = ProductViewModelTests.swift; sourceTree = "<group>"; };
		667C2A2B235373E00027264C /* ProductManagerTests.swift */ = {isa = PBXFileReference; lastKnownFileType = sourcecode.swift; path = ProductManagerTests.swift; sourceTree = "<group>"; };
		667C2A2D235380740027264C /* ProductCell.xib */ = {isa = PBXFileReference; lastKnownFileType = file.xib; path = ProductCell.xib; sourceTree = "<group>"; };
		667C2A2F2353938B0027264C /* ProductCell.swift */ = {isa = PBXFileReference; lastKnownFileType = sourcecode.swift; path = ProductCell.swift; sourceTree = "<group>"; };
		667C2A3A2353C0DE0027264C /* ProductOffline.swift */ = {isa = PBXFileReference; lastKnownFileType = sourcecode.swift; path = ProductOffline.swift; sourceTree = "<group>"; };
		667C2A3C2353E5170027264C /* ConnectionManager.swift */ = {isa = PBXFileReference; lastKnownFileType = sourcecode.swift; path = ConnectionManager.swift; sourceTree = "<group>"; };
		667C2A3E2353E8910027264C /* CategoryOffline.swift */ = {isa = PBXFileReference; lastKnownFileType = sourcecode.swift; path = CategoryOffline.swift; sourceTree = "<group>"; };
		668BA8462350B8B900BEA939 /* FoodApp.app */ = {isa = PBXFileReference; explicitFileType = wrapper.application; includeInIndex = 0; path = FoodApp.app; sourceTree = BUILT_PRODUCTS_DIR; };
		668BA8492350B8B900BEA939 /* AppDelegate.swift */ = {isa = PBXFileReference; lastKnownFileType = sourcecode.swift; path = AppDelegate.swift; sourceTree = "<group>"; };
		668BA84B2350B8B900BEA939 /* ViewController.swift */ = {isa = PBXFileReference; lastKnownFileType = sourcecode.swift; path = ViewController.swift; sourceTree = "<group>"; };
		668BA8512350B8B900BEA939 /* FoodApp.xcdatamodel */ = {isa = PBXFileReference; lastKnownFileType = wrapper.xcdatamodel; path = FoodApp.xcdatamodel; sourceTree = "<group>"; };
		668BA8532350B8BB00BEA939 /* Assets.xcassets */ = {isa = PBXFileReference; lastKnownFileType = folder.assetcatalog; path = Assets.xcassets; sourceTree = "<group>"; };
		668BA8562350B8BB00BEA939 /* Base */ = {isa = PBXFileReference; lastKnownFileType = file.storyboard; name = Base; path = Base.lproj/LaunchScreen.storyboard; sourceTree = "<group>"; };
		668BA8582350B8BB00BEA939 /* Info.plist */ = {isa = PBXFileReference; lastKnownFileType = text.plist.xml; path = Info.plist; sourceTree = "<group>"; };
		668BA85D2350B8BB00BEA939 /* FoodAppTests.xctest */ = {isa = PBXFileReference; explicitFileType = wrapper.cfbundle; includeInIndex = 0; path = FoodAppTests.xctest; sourceTree = BUILT_PRODUCTS_DIR; };
		668BA8632350B8BB00BEA939 /* Info.plist */ = {isa = PBXFileReference; lastKnownFileType = text.plist.xml; path = Info.plist; sourceTree = "<group>"; };
		668BA8722350BA3E00BEA939 /* CategoryViewController.xib */ = {isa = PBXFileReference; lastKnownFileType = file.xib; path = CategoryViewController.xib; sourceTree = "<group>"; };
		668BA8742350BA6200BEA939 /* CategoryViewController.swift */ = {isa = PBXFileReference; lastKnownFileType = sourcecode.swift; path = CategoryViewController.swift; sourceTree = "<group>"; };
		668BA8762350C42700BEA939 /* Product.swift */ = {isa = PBXFileReference; lastKnownFileType = sourcecode.swift; path = Product.swift; sourceTree = "<group>"; };
		668BA8782350C43100BEA939 /* Order.swift */ = {isa = PBXFileReference; lastKnownFileType = sourcecode.swift; path = Order.swift; sourceTree = "<group>"; };
		668BA87A2350C45500BEA939 /* Category.swift */ = {isa = PBXFileReference; lastKnownFileType = sourcecode.swift; path = Category.swift; sourceTree = "<group>"; };
		668BA8812350C8B400BEA939 /* WBCategory.swift */ = {isa = PBXFileReference; lastKnownFileType = sourcecode.swift; path = WBCategory.swift; sourceTree = "<group>"; };
		668BA8832350C8D500BEA939 /* FoodServer.swift */ = {isa = PBXFileReference; lastKnownFileType = sourcecode.swift; path = FoodServer.swift; sourceTree = "<group>"; };
		668BA8852350CF5D00BEA939 /* CategoryViewModel.swift */ = {isa = PBXFileReference; lastKnownFileType = sourcecode.swift; path = CategoryViewModel.swift; sourceTree = "<group>"; };
		668BA889235211E800BEA939 /* CategoryCell.swift */ = {isa = PBXFileReference; lastKnownFileType = sourcecode.swift; path = CategoryCell.swift; sourceTree = "<group>"; };
		668BA88B2352164500BEA939 /* CategoryCell.xib */ = {isa = PBXFileReference; lastKnownFileType = file.xib; path = CategoryCell.xib; sourceTree = "<group>"; };
		668BA88D235236A800BEA939 /* UIImageView.swift */ = {isa = PBXFileReference; lastKnownFileType = sourcecode.swift; path = UIImageView.swift; sourceTree = "<group>"; };
		668BA8922352597C00BEA939 /* CategoryTests.swift */ = {isa = PBXFileReference; lastKnownFileType = sourcecode.swift; path = CategoryTests.swift; sourceTree = "<group>"; };
		668BA89523525D5100BEA939 /* CategoryViewModelTests.swift */ = {isa = PBXFileReference; lastKnownFileType = sourcecode.swift; path = CategoryViewModelTests.swift; sourceTree = "<group>"; };
		668BA89923525F4000BEA939 /* CategoryCellTests.swift */ = {isa = PBXFileReference; lastKnownFileType = sourcecode.swift; path = CategoryCellTests.swift; sourceTree = "<group>"; };
		668BA89B235278F700BEA939 /* HomeViewController.xib */ = {isa = PBXFileReference; lastKnownFileType = file.xib; path = HomeViewController.xib; sourceTree = "<group>"; };
		668BA89D235279C700BEA939 /* HomeViewController.swift */ = {isa = PBXFileReference; lastKnownFileType = sourcecode.swift; path = HomeViewController.swift; sourceTree = "<group>"; };
		668BA89F23527A8000BEA939 /* ProductViewController.xib */ = {isa = PBXFileReference; lastKnownFileType = file.xib; path = ProductViewController.xib; sourceTree = "<group>"; };
		668BA8A123527B3800BEA939 /* ProductViewController.swift */ = {isa = PBXFileReference; lastKnownFileType = sourcecode.swift; path = ProductViewController.swift; sourceTree = "<group>"; };
		66D5DBBB23563CDB00627641 /* ExpandableSection.swift */ = {isa = PBXFileReference; lastKnownFileType = sourcecode.swift; path = ExpandableSection.swift; sourceTree = "<group>"; };
/* End PBXFileReference section */

/* Begin PBXFrameworksBuildPhase section */
		668BA8432350B8B900BEA939 /* Frameworks */ = {
			isa = PBXFrameworksBuildPhase;
			buildActionMask = 2147483647;
			files = (
			);
			runOnlyForDeploymentPostprocessing = 0;
		};
		668BA85A2350B8BB00BEA939 /* Frameworks */ = {
			isa = PBXFrameworksBuildPhase;
			buildActionMask = 2147483647;
			files = (
			);
			runOnlyForDeploymentPostprocessing = 0;
		};
/* End PBXFrameworksBuildPhase section */

/* Begin PBXGroup section */
		661F4724235484F8000F91F8 /* Images */ = {
			isa = PBXGroup;
			children = (
				661F474323550994000F91F8 /* backgroundProductTitleView.png */,
				661F472F23548F10000F91F8 /* backroungCell.png */,
				661F472923548916000F91F8 /* backgroundSelectedCommandButton.png */,
				661F472723548619000F91F8 /* backgroundCommandButton.png */,
			);
			path = Images;
			sourceTree = "<group>";
		};
		667C2A1F235370E50027264C /* Global */ = {
			isa = PBXGroup;
			children = (
				667C2A3C2353E5170027264C /* ConnectionManager.swift */,
				66017EEA2355C45C00CA0D23 /* CartManager.swift */,
			);
			path = Global;
			sourceTree = "<group>";
		};
		667C2A2A235373D00027264C /* Global */ = {
			isa = PBXGroup;
			children = (
				667C2A2B235373E00027264C /* ProductManagerTests.swift */,
			);
			path = Global;
			sourceTree = "<group>";
		};
		667C2A372353B9CD0027264C /* Offline */ = {
			isa = PBXGroup;
			children = (
				668BA8502350B8B900BEA939 /* FoodApp.xcdatamodeld */,
				667C2A3A2353C0DE0027264C /* ProductOffline.swift */,
				667C2A3E2353E8910027264C /* CategoryOffline.swift */,
			);
			path = Offline;
			sourceTree = "<group>";
		};
		668BA83D2350B8B900BEA939 = {
			isa = PBXGroup;
			children = (
				668BA8482350B8B900BEA939 /* FoodApp */,
				668BA8602350B8BB00BEA939 /* FoodAppTests */,
				668BA8472350B8B900BEA939 /* Products */,
			);
			sourceTree = "<group>";
		};
		668BA8472350B8B900BEA939 /* Products */ = {
			isa = PBXGroup;
			children = (
				668BA8462350B8B900BEA939 /* FoodApp.app */,
				668BA85D2350B8BB00BEA939 /* FoodAppTests.xctest */,
			);
			name = Products;
			sourceTree = "<group>";
		};
		668BA8482350B8B900BEA939 /* FoodApp */ = {
			isa = PBXGroup;
			children = (
				661F4724235484F8000F91F8 /* Images */,
				667C2A1F235370E50027264C /* Global */,
				668BA87C2350C59700BEA939 /* Utils */,
				668BA86F2350B9E300BEA939 /* WebService */,
				668BA86E2350B9D800BEA939 /* Model */,
				668BA86D2350B9D100BEA939 /* ViewsModel */,
				668BA86C2350B9C600BEA939 /* Views */,
				668BA8492350B8B900BEA939 /* AppDelegate.swift */,
				668BA84B2350B8B900BEA939 /* ViewController.swift */,
				668BA8532350B8BB00BEA939 /* Assets.xcassets */,
				668BA8552350B8BB00BEA939 /* LaunchScreen.storyboard */,
				668BA8582350B8BB00BEA939 /* Info.plist */,
			);
			path = FoodApp;
			sourceTree = "<group>";
		};
		668BA8602350B8BB00BEA939 /* FoodAppTests */ = {
			isa = PBXGroup;
			children = (
				667C2A2A235373D00027264C /* Global */,
				668BA89723525F1B00BEA939 /* Views */,
				668BA89423525D3D00BEA939 /* ViewsModel */,
				668BA88F235258FD00BEA939 /* Model */,
				668BA8632350B8BB00BEA939 /* Info.plist */,
			);
			path = FoodAppTests;
			sourceTree = "<group>";
		};
		668BA86C2350B9C600BEA939 /* Views */ = {
			isa = PBXGroup;
			children = (
				668BA8712350B9FB00BEA939 /* Controller */,
				668BA8702350B9F600BEA939 /* View */,
			);
			path = Views;
			sourceTree = "<group>";
		};
		668BA86D2350B9D100BEA939 /* ViewsModel */ = {
			isa = PBXGroup;
			children = (
				668BA8852350CF5D00BEA939 /* CategoryViewModel.swift */,
				667C2A24235373AA0027264C /* ProductViewModel.swift */,
			);
			path = ViewsModel;
			sourceTree = "<group>";
		};
		668BA86E2350B9D800BEA939 /* Model */ = {
			isa = PBXGroup;
			children = (
				667C2A372353B9CD0027264C /* Offline */,
				668BA8762350C42700BEA939 /* Product.swift */,
				668BA8782350C43100BEA939 /* Order.swift */,
				668BA87A2350C45500BEA939 /* Category.swift */,
			);
			path = Model;
			sourceTree = "<group>";
		};
		668BA86F2350B9E300BEA939 /* WebService */ = {
			isa = PBXGroup;
			children = (
				668BA8812350C8B400BEA939 /* WBCategory.swift */,
				667C2A22235372230027264C /* WBProduct.swift */,
			);
			path = WebService;
			sourceTree = "<group>";
		};
		668BA8702350B9F600BEA939 /* View */ = {
			isa = PBXGroup;
			children = (
				668BA8722350BA3E00BEA939 /* CategoryViewController.xib */,
				668BA88B2352164500BEA939 /* CategoryCell.xib */,
				668BA89B235278F700BEA939 /* HomeViewController.xib */,
				668BA89F23527A8000BEA939 /* ProductViewController.xib */,
				667C2A1D235326110027264C /* CartViewController.xib */,
				667C2A2D235380740027264C /* ProductCell.xib */,
				661F473F2354F89C000F91F8 /* ProductDescriptionViewController.xib */,
				66017EE22355B47C00CA0D23 /* ProductMessageViewController.xib */,
				66017EE62355BACA00CA0D23 /* CartCell.xib */,
				66017EEE2355D75200CA0D23 /* CartFooterTableView.xib */,
				66017EF02355E00C00CA0D23 /* CartHeaderSectionTableView.xib */,
			);
			path = View;
			sourceTree = "<group>";
		};
		668BA8712350B9FB00BEA939 /* Controller */ = {
			isa = PBXGroup;
			children = (
				668BA8742350BA6200BEA939 /* CategoryViewController.swift */,
				668BA889235211E800BEA939 /* CategoryCell.swift */,
				668BA89D235279C700BEA939 /* HomeViewController.swift */,
				668BA8A123527B3800BEA939 /* ProductViewController.swift */,
				667C2A1B235325BC0027264C /* CartViewController.swift */,
				667C2A2F2353938B0027264C /* ProductCell.swift */,
				661F47392354C8B8000F91F8 /* ProductDescriptionViewController.swift */,
				66017EE42355B4A100CA0D23 /* ProductMessageViewController.swift */,
				66017EE82355BBAB00CA0D23 /* CartCell.swift */,
				66017EEC2355D71800CA0D23 /* CartFooterTableView.swift */,
				66017EF22355E02300CA0D23 /* CartHeaderSectionTableView.swift */,
			);
			path = Controller;
			sourceTree = "<group>";
		};
		668BA87C2350C59700BEA939 /* Utils */ = {
			isa = PBXGroup;
			children = (
				668BA8832350C8D500BEA939 /* FoodServer.swift */,
				668BA88D235236A800BEA939 /* UIImageView.swift */,
				661F4741235502E1000F91F8 /* UIView.swift */,
				661F474523550BF6000F91F8 /* SelfSizedCollectionView.swift */,
				66D5DBBB23563CDB00627641 /* ExpandableSection.swift */,
			);
			path = Utils;
			sourceTree = "<group>";
		};
		668BA88F235258FD00BEA939 /* Model */ = {
			isa = PBXGroup;
			children = (
				668BA8922352597C00BEA939 /* CategoryTests.swift */,
				667C2A26235373BD0027264C /* ProductTests.swift */,
			);
			path = Model;
			sourceTree = "<group>";
		};
		668BA89423525D3D00BEA939 /* ViewsModel */ = {
			isa = PBXGroup;
			children = (
				668BA89523525D5100BEA939 /* CategoryViewModelTests.swift */,
				667C2A28235373CD0027264C /* ProductViewModelTests.swift */,
			);
			path = ViewsModel;
			sourceTree = "<group>";
		};
		668BA89723525F1B00BEA939 /* Views */ = {
			isa = PBXGroup;
			children = (
				668BA89823525F2200BEA939 /* Controller */,
			);
			path = Views;
			sourceTree = "<group>";
		};
		668BA89823525F2200BEA939 /* Controller */ = {
			isa = PBXGroup;
			children = (
				668BA89923525F4000BEA939 /* CategoryCellTests.swift */,
			);
			path = Controller;
			sourceTree = "<group>";
		};
/* End PBXGroup section */

/* Begin PBXNativeTarget section */
		668BA8452350B8B900BEA939 /* FoodApp */ = {
			isa = PBXNativeTarget;
			buildConfigurationList = 668BA8662350B8BB00BEA939 /* Build configuration list for PBXNativeTarget "FoodApp" */;
			buildPhases = (
				668BA8422350B8B900BEA939 /* Sources */,
				668BA8432350B8B900BEA939 /* Frameworks */,
				668BA8442350B8B900BEA939 /* Resources */,
			);
			buildRules = (
			);
			dependencies = (
			);
			name = FoodApp;
			productName = FoodApp;
			productReference = 668BA8462350B8B900BEA939 /* FoodApp.app */;
			productType = "com.apple.product-type.application";
		};
		668BA85C2350B8BB00BEA939 /* FoodAppTests */ = {
			isa = PBXNativeTarget;
			buildConfigurationList = 668BA8692350B8BB00BEA939 /* Build configuration list for PBXNativeTarget "FoodAppTests" */;
			buildPhases = (
				668BA8592350B8BB00BEA939 /* Sources */,
				668BA85A2350B8BB00BEA939 /* Frameworks */,
				668BA85B2350B8BB00BEA939 /* Resources */,
			);
			buildRules = (
			);
			dependencies = (
				668BA85F2350B8BB00BEA939 /* PBXTargetDependency */,
			);
			name = FoodAppTests;
			productName = FoodAppTests;
			productReference = 668BA85D2350B8BB00BEA939 /* FoodAppTests.xctest */;
			productType = "com.apple.product-type.bundle.unit-test";
		};
/* End PBXNativeTarget section */

/* Begin PBXProject section */
		668BA83E2350B8B900BEA939 /* Project object */ = {
			isa = PBXProject;
			attributes = {
				LastSwiftUpdateCheck = 1030;
				LastUpgradeCheck = 1030;
				ORGANIZATIONNAME = "Lyes ATEK";
				TargetAttributes = {
					668BA8452350B8B900BEA939 = {
						CreatedOnToolsVersion = 10.3;
					};
					668BA85C2350B8BB00BEA939 = {
						CreatedOnToolsVersion = 10.3;
						LastSwiftMigration = 1030;
						TestTargetID = 668BA8452350B8B900BEA939;
					};
				};
			};
			buildConfigurationList = 668BA8412350B8B900BEA939 /* Build configuration list for PBXProject "FoodApp" */;
			compatibilityVersion = "Xcode 9.3";
			developmentRegion = en;
			hasScannedForEncodings = 0;
			knownRegions = (
				en,
				Base,
			);
			mainGroup = 668BA83D2350B8B900BEA939;
			productRefGroup = 668BA8472350B8B900BEA939 /* Products */;
			projectDirPath = "";
			projectRoot = "";
			targets = (
				668BA8452350B8B900BEA939 /* FoodApp */,
				668BA85C2350B8BB00BEA939 /* FoodAppTests */,
			);
		};
/* End PBXProject section */

/* Begin PBXResourcesBuildPhase section */
		668BA8442350B8B900BEA939 /* Resources */ = {
			isa = PBXResourcesBuildPhase;
			buildActionMask = 2147483647;
			files = (
				661F474423550994000F91F8 /* backgroundProductTitleView.png in Resources */,
				668BA8572350B8BB00BEA939 /* LaunchScreen.storyboard in Resources */,
				66017EF12355E00C00CA0D23 /* CartHeaderSectionTableView.xib in Resources */,
				661F472823548619000F91F8 /* backgroundCommandButton.png in Resources */,
				667C2A2E235380740027264C /* ProductCell.xib in Resources */,
				66017EEF2355D75200CA0D23 /* CartFooterTableView.xib in Resources */,
				668BA8732350BA3E00BEA939 /* CategoryViewController.xib in Resources */,
				661F472A23548916000F91F8 /* backgroundSelectedCommandButton.png in Resources */,
				66017EE72355BACA00CA0D23 /* CartCell.xib in Resources */,
				661F47402354F89C000F91F8 /* ProductDescriptionViewController.xib in Resources */,
				668BA89C235278F700BEA939 /* HomeViewController.xib in Resources */,
				668BA8542350B8BB00BEA939 /* Assets.xcassets in Resources */,
				668BA8A023527A8000BEA939 /* ProductViewController.xib in Resources */,
				661F473023548F10000F91F8 /* backroungCell.png in Resources */,
				667C2A1E235326110027264C /* CartViewController.xib in Resources */,
				66017EE32355B47C00CA0D23 /* ProductMessageViewController.xib in Resources */,
				668BA88C2352164500BEA939 /* CategoryCell.xib in Resources */,
			);
			runOnlyForDeploymentPostprocessing = 0;
		};
		668BA85B2350B8BB00BEA939 /* Resources */ = {
			isa = PBXResourcesBuildPhase;
			buildActionMask = 2147483647;
			files = (
			);
			runOnlyForDeploymentPostprocessing = 0;
		};
/* End PBXResourcesBuildPhase section */

/* Begin PBXSourcesBuildPhase section */
		668BA8422350B8B900BEA939 /* Sources */ = {
			isa = PBXSourcesBuildPhase;
			buildActionMask = 2147483647;
			files = (
				668BA88A235211E800BEA939 /* CategoryCell.swift in Sources */,
				668BA8792350C43100BEA939 /* Order.swift in Sources */,
				668BA88E235236A800BEA939 /* UIImageView.swift in Sources */,
				66017EE52355B4A100CA0D23 /* ProductMessageViewController.swift in Sources */,
				668BA84C2350B8B900BEA939 /* ViewController.swift in Sources */,
				668BA8822350C8B400BEA939 /* WBCategory.swift in Sources */,
				667C2A23235372230027264C /* WBProduct.swift in Sources */,
				667C2A3F2353E8910027264C /* CategoryOffline.swift in Sources */,
				661F4742235502E1000F91F8 /* UIView.swift in Sources */,
				661F474623550BF6000F91F8 /* SelfSizedCollectionView.swift in Sources */,
				668BA89E235279C700BEA939 /* HomeViewController.swift in Sources */,
				66017EED2355D71800CA0D23 /* CartFooterTableView.swift in Sources */,
				668BA8A223527B3800BEA939 /* ProductViewController.swift in Sources */,
				668BA8862350CF5D00BEA939 /* CategoryViewModel.swift in Sources */,
				667C2A3D2353E5170027264C /* ConnectionManager.swift in Sources */,
				668BA84A2350B8B900BEA939 /* AppDelegate.swift in Sources */,
				668BA8772350C42700BEA939 /* Product.swift in Sources */,
				667C2A25235373AA0027264C /* ProductViewModel.swift in Sources */,
				668BA8522350B8B900BEA939 /* FoodApp.xcdatamodeld in Sources */,
				667C2A1C235325BC0027264C /* CartViewController.swift in Sources */,
				66017EEB2355C45C00CA0D23 /* CartManager.swift in Sources */,
				66D5DBBC23563CDB00627641 /* ExpandableSection.swift in Sources */,
				66017EE92355BBAB00CA0D23 /* CartCell.swift in Sources */,
				667C2A3B2353C0DE0027264C /* ProductOffline.swift in Sources */,
				66017EF32355E02300CA0D23 /* CartHeaderSectionTableView.swift in Sources */,
				667C2A302353938B0027264C /* ProductCell.swift in Sources */,
				668BA8752350BA6200BEA939 /* CategoryViewController.swift in Sources */,
				668BA8842350C8D500BEA939 /* FoodServer.swift in Sources */,
				668BA87B2350C45500BEA939 /* Category.swift in Sources */,
				661F473A2354C8B8000F91F8 /* ProductDescriptionViewController.swift in Sources */,
			);
			runOnlyForDeploymentPostprocessing = 0;
		};
		668BA8592350B8BB00BEA939 /* Sources */ = {
			isa = PBXSourcesBuildPhase;
			buildActionMask = 2147483647;
			files = (
				668BA89623525D5100BEA939 /* CategoryViewModelTests.swift in Sources */,
				667C2A29235373CD0027264C /* ProductViewModelTests.swift in Sources */,
				667C2A27235373BD0027264C /* ProductTests.swift in Sources */,
				668BA8932352597C00BEA939 /* CategoryTests.swift in Sources */,
				668BA89A23525F4000BEA939 /* CategoryCellTests.swift in Sources */,
				667C2A2C235373E00027264C /* ProductManagerTests.swift in Sources */,
			);
			runOnlyForDeploymentPostprocessing = 0;
		};
/* End PBXSourcesBuildPhase section */

/* Begin PBXTargetDependency section */
		668BA85F2350B8BB00BEA939 /* PBXTargetDependency */ = {
			isa = PBXTargetDependency;
			target = 668BA8452350B8B900BEA939 /* FoodApp */;
			targetProxy = 668BA85E2350B8BB00BEA939 /* PBXContainerItemProxy */;
		};
/* End PBXTargetDependency section */

/* Begin PBXVariantGroup section */
		668BA8552350B8BB00BEA939 /* LaunchScreen.storyboard */ = {
			isa = PBXVariantGroup;
			children = (
				668BA8562350B8BB00BEA939 /* Base */,
			);
			name = LaunchScreen.storyboard;
			sourceTree = "<group>";
		};
/* End PBXVariantGroup section */

/* Begin XCBuildConfiguration section */
		668BA8642350B8BB00BEA939 /* Debug */ = {
			isa = XCBuildConfiguration;
			buildSettings = {
				ALWAYS_SEARCH_USER_PATHS = NO;
				CLANG_ANALYZER_NONNULL = YES;
				CLANG_ANALYZER_NUMBER_OBJECT_CONVERSION = YES_AGGRESSIVE;
				CLANG_CXX_LANGUAGE_STANDARD = "gnu++14";
				CLANG_CXX_LIBRARY = "libc++";
				CLANG_ENABLE_MODULES = YES;
				CLANG_ENABLE_OBJC_ARC = YES;
				CLANG_ENABLE_OBJC_WEAK = YES;
				CLANG_WARN_BLOCK_CAPTURE_AUTORELEASING = YES;
				CLANG_WARN_BOOL_CONVERSION = YES;
				CLANG_WARN_COMMA = YES;
				CLANG_WARN_CONSTANT_CONVERSION = YES;
				CLANG_WARN_DEPRECATED_OBJC_IMPLEMENTATIONS = YES;
				CLANG_WARN_DIRECT_OBJC_ISA_USAGE = YES_ERROR;
				CLANG_WARN_DOCUMENTATION_COMMENTS = YES;
				CLANG_WARN_EMPTY_BODY = YES;
				CLANG_WARN_ENUM_CONVERSION = YES;
				CLANG_WARN_INFINITE_RECURSION = YES;
				CLANG_WARN_INT_CONVERSION = YES;
				CLANG_WARN_NON_LITERAL_NULL_CONVERSION = YES;
				CLANG_WARN_OBJC_IMPLICIT_RETAIN_SELF = YES;
				CLANG_WARN_OBJC_LITERAL_CONVERSION = YES;
				CLANG_WARN_OBJC_ROOT_CLASS = YES_ERROR;
				CLANG_WARN_RANGE_LOOP_ANALYSIS = YES;
				CLANG_WARN_STRICT_PROTOTYPES = YES;
				CLANG_WARN_SUSPICIOUS_MOVE = YES;
				CLANG_WARN_UNGUARDED_AVAILABILITY = YES_AGGRESSIVE;
				CLANG_WARN_UNREACHABLE_CODE = YES;
				CLANG_WARN__DUPLICATE_METHOD_MATCH = YES;
				CODE_SIGN_IDENTITY = "iPhone Developer";
				COPY_PHASE_STRIP = NO;
				DEBUG_INFORMATION_FORMAT = dwarf;
				ENABLE_STRICT_OBJC_MSGSEND = YES;
				ENABLE_TESTABILITY = YES;
				GCC_C_LANGUAGE_STANDARD = gnu11;
				GCC_DYNAMIC_NO_PIC = NO;
				GCC_NO_COMMON_BLOCKS = YES;
				GCC_OPTIMIZATION_LEVEL = 0;
				GCC_PREPROCESSOR_DEFINITIONS = (
					"DEBUG=1",
					"$(inherited)",
				);
				GCC_WARN_64_TO_32_BIT_CONVERSION = YES;
				GCC_WARN_ABOUT_RETURN_TYPE = YES_ERROR;
				GCC_WARN_UNDECLARED_SELECTOR = YES;
				GCC_WARN_UNINITIALIZED_AUTOS = YES_AGGRESSIVE;
				GCC_WARN_UNUSED_FUNCTION = YES;
				GCC_WARN_UNUSED_VARIABLE = YES;
				IPHONEOS_DEPLOYMENT_TARGET = 12.4;
				MTL_ENABLE_DEBUG_INFO = INCLUDE_SOURCE;
				MTL_FAST_MATH = YES;
				ONLY_ACTIVE_ARCH = YES;
				SDKROOT = iphoneos;
				SWIFT_ACTIVE_COMPILATION_CONDITIONS = DEBUG;
				SWIFT_OPTIMIZATION_LEVEL = "-Onone";
			};
			name = Debug;
		};
		668BA8652350B8BB00BEA939 /* Release */ = {
			isa = XCBuildConfiguration;
			buildSettings = {
				ALWAYS_SEARCH_USER_PATHS = NO;
				CLANG_ANALYZER_NONNULL = YES;
				CLANG_ANALYZER_NUMBER_OBJECT_CONVERSION = YES_AGGRESSIVE;
				CLANG_CXX_LANGUAGE_STANDARD = "gnu++14";
				CLANG_CXX_LIBRARY = "libc++";
				CLANG_ENABLE_MODULES = YES;
				CLANG_ENABLE_OBJC_ARC = YES;
				CLANG_ENABLE_OBJC_WEAK = YES;
				CLANG_WARN_BLOCK_CAPTURE_AUTORELEASING = YES;
				CLANG_WARN_BOOL_CONVERSION = YES;
				CLANG_WARN_COMMA = YES;
				CLANG_WARN_CONSTANT_CONVERSION = YES;
				CLANG_WARN_DEPRECATED_OBJC_IMPLEMENTATIONS = YES;
				CLANG_WARN_DIRECT_OBJC_ISA_USAGE = YES_ERROR;
				CLANG_WARN_DOCUMENTATION_COMMENTS = YES;
				CLANG_WARN_EMPTY_BODY = YES;
				CLANG_WARN_ENUM_CONVERSION = YES;
				CLANG_WARN_INFINITE_RECURSION = YES;
				CLANG_WARN_INT_CONVERSION = YES;
				CLANG_WARN_NON_LITERAL_NULL_CONVERSION = YES;
				CLANG_WARN_OBJC_IMPLICIT_RETAIN_SELF = YES;
				CLANG_WARN_OBJC_LITERAL_CONVERSION = YES;
				CLANG_WARN_OBJC_ROOT_CLASS = YES_ERROR;
				CLANG_WARN_RANGE_LOOP_ANALYSIS = YES;
				CLANG_WARN_STRICT_PROTOTYPES = YES;
				CLANG_WARN_SUSPICIOUS_MOVE = YES;
				CLANG_WARN_UNGUARDED_AVAILABILITY = YES_AGGRESSIVE;
				CLANG_WARN_UNREACHABLE_CODE = YES;
				CLANG_WARN__DUPLICATE_METHOD_MATCH = YES;
				CODE_SIGN_IDENTITY = "iPhone Developer";
				COPY_PHASE_STRIP = NO;
				DEBUG_INFORMATION_FORMAT = "dwarf-with-dsym";
				ENABLE_NS_ASSERTIONS = NO;
				ENABLE_STRICT_OBJC_MSGSEND = YES;
				GCC_C_LANGUAGE_STANDARD = gnu11;
				GCC_NO_COMMON_BLOCKS = YES;
				GCC_WARN_64_TO_32_BIT_CONVERSION = YES;
				GCC_WARN_ABOUT_RETURN_TYPE = YES_ERROR;
				GCC_WARN_UNDECLARED_SELECTOR = YES;
				GCC_WARN_UNINITIALIZED_AUTOS = YES_AGGRESSIVE;
				GCC_WARN_UNUSED_FUNCTION = YES;
				GCC_WARN_UNUSED_VARIABLE = YES;
				IPHONEOS_DEPLOYMENT_TARGET = 12.4;
				MTL_ENABLE_DEBUG_INFO = NO;
				MTL_FAST_MATH = YES;
				SDKROOT = iphoneos;
				SWIFT_COMPILATION_MODE = wholemodule;
				SWIFT_OPTIMIZATION_LEVEL = "-O";
				VALIDATE_PRODUCT = YES;
			};
			name = Release;
		};
		668BA8672350B8BB00BEA939 /* Debug */ = {
			isa = XCBuildConfiguration;
			buildSettings = {
				ASSETCATALOG_COMPILER_APPICON_NAME = AppIcon;
				CODE_SIGN_STYLE = Automatic;
				DEVELOPMENT_TEAM = NZJY5AH6W9;
				INFOPLIST_FILE = FoodApp/Info.plist;
				LD_RUNPATH_SEARCH_PATHS = (
					"$(inherited)",
					"@executable_path/Frameworks",
				);
				PRODUCT_BUNDLE_IDENTIFIER = com.lyes.FoodApp;
				PRODUCT_NAME = "$(TARGET_NAME)";
				SWIFT_VERSION = 5.0;
				TARGETED_DEVICE_FAMILY = "1,2";
			};
			name = Debug;
		};
		668BA8682350B8BB00BEA939 /* Release */ = {
			isa = XCBuildConfiguration;
			buildSettings = {
				ASSETCATALOG_COMPILER_APPICON_NAME = AppIcon;
				CODE_SIGN_STYLE = Automatic;
				DEVELOPMENT_TEAM = NZJY5AH6W9;
				INFOPLIST_FILE = FoodApp/Info.plist;
				LD_RUNPATH_SEARCH_PATHS = (
					"$(inherited)",
					"@executable_path/Frameworks",
				);
				PRODUCT_BUNDLE_IDENTIFIER = com.lyes.FoodApp;
				PRODUCT_NAME = "$(TARGET_NAME)";
				SWIFT_VERSION = 5.0;
				TARGETED_DEVICE_FAMILY = "1,2";
			};
			name = Release;
		};
		668BA86A2350B8BB00BEA939 /* Debug */ = {
			isa = XCBuildConfiguration;
			buildSettings = {
				ALWAYS_EMBED_SWIFT_STANDARD_LIBRARIES = YES;
				BUNDLE_LOADER = "$(TEST_HOST)";
				CLANG_ENABLE_MODULES = YES;
				CODE_SIGN_STYLE = Automatic;
				DEVELOPMENT_TEAM = NZJY5AH6W9;
				INFOPLIST_FILE = FoodAppTests/Info.plist;
				LD_RUNPATH_SEARCH_PATHS = (
					"$(inherited)",
					"@executable_path/Frameworks",
					"@loader_path/Frameworks",
				);
				PRODUCT_BUNDLE_IDENTIFIER = com.lyes.FoodAppTests;
				PRODUCT_NAME = "$(TARGET_NAME)";
				SWIFT_OPTIMIZATION_LEVEL = "-Onone";
				SWIFT_VERSION = 5.0;
				TARGETED_DEVICE_FAMILY = "1,2";
				TEST_HOST = "$(BUILT_PRODUCTS_DIR)/FoodApp.app/FoodApp";
			};
			name = Debug;
		};
		668BA86B2350B8BB00BEA939 /* Release */ = {
			isa = XCBuildConfiguration;
			buildSettings = {
				ALWAYS_EMBED_SWIFT_STANDARD_LIBRARIES = YES;
				BUNDLE_LOADER = "$(TEST_HOST)";
				CLANG_ENABLE_MODULES = YES;
				CODE_SIGN_STYLE = Automatic;
				DEVELOPMENT_TEAM = NZJY5AH6W9;
				INFOPLIST_FILE = FoodAppTests/Info.plist;
				LD_RUNPATH_SEARCH_PATHS = (
					"$(inherited)",
					"@executable_path/Frameworks",
					"@loader_path/Frameworks",
				);
				PRODUCT_BUNDLE_IDENTIFIER = com.lyes.FoodAppTests;
				PRODUCT_NAME = "$(TARGET_NAME)";
				SWIFT_VERSION = 5.0;
				TARGETED_DEVICE_FAMILY = "1,2";
				TEST_HOST = "$(BUILT_PRODUCTS_DIR)/FoodApp.app/FoodApp";
			};
			name = Release;
		};
/* End XCBuildConfiguration section */

/* Begin XCConfigurationList section */
		668BA8412350B8B900BEA939 /* Build configuration list for PBXProject "FoodApp" */ = {
			isa = XCConfigurationList;
			buildConfigurations = (
				668BA8642350B8BB00BEA939 /* Debug */,
				668BA8652350B8BB00BEA939 /* Release */,
			);
			defaultConfigurationIsVisible = 0;
			defaultConfigurationName = Release;
		};
		668BA8662350B8BB00BEA939 /* Build configuration list for PBXNativeTarget "FoodApp" */ = {
			isa = XCConfigurationList;
			buildConfigurations = (
				668BA8672350B8BB00BEA939 /* Debug */,
				668BA8682350B8BB00BEA939 /* Release */,
			);
			defaultConfigurationIsVisible = 0;
			defaultConfigurationName = Release;
		};
		668BA8692350B8BB00BEA939 /* Build configuration list for PBXNativeTarget "FoodAppTests" */ = {
			isa = XCConfigurationList;
			buildConfigurations = (
				668BA86A2350B8BB00BEA939 /* Debug */,
				668BA86B2350B8BB00BEA939 /* Release */,
			);
			defaultConfigurationIsVisible = 0;
			defaultConfigurationName = Release;
		};
/* End XCConfigurationList section */

/* Begin XCVersionGroup section */
		668BA8502350B8B900BEA939 /* FoodApp.xcdatamodeld */ = {
			isa = XCVersionGroup;
			children = (
				668BA8512350B8B900BEA939 /* FoodApp.xcdatamodel */,
			);
			currentVersion = 668BA8512350B8B900BEA939 /* FoodApp.xcdatamodel */;
			path = FoodApp.xcdatamodeld;
			sourceTree = "<group>";
			versionGroupType = wrapper.xcdatamodel;
		};
/* End XCVersionGroup section */
	};
	rootObject = 668BA83E2350B8B900BEA939 /* Project object */;
}
